
Microsoft Visual Studio Solution File, Format Version 12.00
# Visual Studio 15
VisualStudioVersion = 15.0.26124.0
MinimumVisualStudioVersion = 15.0.26124.0
Project("{9A19103F-16F7-4668-BE54-9A1E7A4F7556}") = "R5T.Norsica.Standard.Construction", "R5T.Norsica.Standard.Construction\R5T.Norsica.Standard.Construction.csproj", "{26C300F5-E251-4CAD-BB2A-81CE493AE524}"
EndProject
Project("{9A19103F-16F7-4668-BE54-9A1E7A4F7556}") = "R5T.Norsica.Standard", "R5T.Norsica.Standard\R5T.Norsica.Standard.csproj", "{C0A53CD8-5A1D-4B22-B5B1-BEAB77FD8F6B}"
EndProject
Project("{9A19103F-16F7-4668-BE54-9A1E7A4F7556}") = "R5T.Norsica.Standard.Testing", "R5T.Norsica.Standard.Testing\R5T.Norsica.Standard.Testing.csproj", "{AD46CCDB-45EE-4E83-874F-45C052807F03}"
EndProject
Project("{2150E333-8FDC-42A3-9474-1A3956D46DE8}") = "_Dependencies", "_Dependencies", "{246C6C99-6B06-4608-89D3-739D2888D7A7}"
EndProject
Project("{9A19103F-16F7-4668-BE54-9A1E7A4F7556}") = "R5T.Norsica.Default", "..\..\R5T.Norsica.Default\source\R5T.Norsica.Default\R5T.Norsica.Default.csproj", "{32029C13-43B3-4B99-A22C-AA510A674093}"
EndProject
Project("{9A19103F-16F7-4668-BE54-9A1E7A4F7556}") = "R5T.Norsica.Configuration.Sardinia", "..\..\R5T.Norsica.Configuration.Sardinia\source\R5T.Norsica.Configuration.Sardinia\R5T.Norsica.Configuration.Sardinia.csproj", "{D444124A-E906-4607-B87F-2AD06B44D3ED}"
EndProject
Project("{9A19103F-16F7-4668-BE54-9A1E7A4F7556}") = "R5T.Norsica.Configuration.Suebia", "..\..\R5T.Norsica.Configuration.Suebia\source\R5T.Norsica.Configuration.Suebia\R5T.Norsica.Configuration.Suebia.csproj", "{AB320819-43A1-45A1-8FB5-5598F7FB134F}"
EndProject
Project("{9A19103F-16F7-4668-BE54-9A1E7A4F7556}") = "R5T.Caledonia.Default", "..\..\R5T.Caledonia.Default\source\R5T.Caledonia.Default\R5T.Caledonia.Default.csproj", "{4378902A-8E8C-4762-BA73-2EB284E8F61B}"
EndProject
Project("{9A19103F-16F7-4668-BE54-9A1E7A4F7556}") = "R5T.Caledonia.Base", "..\..\R5T.Caledonia.Base\source\R5T.Caledonia.Base\R5T.Caledonia.Base.csproj", "{8C0BFFFA-C25A-4E1C-8AED-1EC8139288AB}"
EndProject
Project("{9A19103F-16F7-4668-BE54-9A1E7A4F7556}") = "R5T.Caledonia.Types", "..\..\R5T.Caledonia.Types\source\R5T.Caledonia.Types\R5T.Caledonia.Types.csproj", "{1F3BD38C-C2EC-497A-9756-68D81BE21DF5}"
EndProject
Project("{9A19103F-16F7-4668-BE54-9A1E7A4F7556}") = "R5T.Magyar", "..\..\R5T.Magyar\source\R5T.Magyar\R5T.Magyar.csproj", "{183D0E15-035C-41C4-8EB2-2073018FF7CB}"
EndProject
Project("{9A19103F-16F7-4668-BE54-9A1E7A4F7556}") = "R5T.Norsica.Base", "..\..\R5T.Norsica.Base\source\R5T.Norsica.Base\R5T.Norsica.Base.csproj", "{462E6547-76EF-470F-91A0-B9A575570799}"
EndProject
Project("{9A19103F-16F7-4668-BE54-9A1E7A4F7556}") = "R5T.Norsica.Commands", "..\..\R5T.Norsica.Commands\source\R5T.Norsica.Commands\R5T.Norsica.Commands.csproj", "{45080232-FC0B-4FCD-9CD4-FBC3DD0E8A38}"
EndProject
Project("{9A19103F-16F7-4668-BE54-9A1E7A4F7556}") = "R5T.Heraklion", "..\..\R5T.Heraklion\source\R5T.Heraklion\R5T.Heraklion.csproj", "{B17461C3-66AE-4E97-8360-4C992F87BC6F}"
EndProject
Project("{9A19103F-16F7-4668-BE54-9A1E7A4F7556}") = "R5T.Piraeus", "..\..\R5T.Piraeus\source\R5T.Piraeus\R5T.Piraeus.csproj", "{1316836A-579C-49CE-A6A9-2E32F8F7F858}"
EndProject
Project("{9A19103F-16F7-4668-BE54-9A1E7A4F7556}") = "R5T.Norsica.Configuration", "..\..\R5T.Norsica.Configuration\source\R5T.Norsica.Configuration\R5T.Norsica.Configuration.csproj", "{CBCA925A-3342-426E-BBA9-6B20840E9A84}"
EndProject
Project("{9A19103F-16F7-4668-BE54-9A1E7A4F7556}") = "R5T.Volos", "..\..\R5T.Volos\source\R5T.Volos\R5T.Volos.csproj", "{EC9BCB5D-CED6-4F52-9322-2C836616DCD4}"
EndProject
Project("{9A19103F-16F7-4668-BE54-9A1E7A4F7556}") = "R5T.Heraklion.Default", "..\..\R5T.Heraklion.Default\source\R5T.Heraklion.Default\R5T.Heraklion.Default.csproj", "{2CFD9F76-E5E4-4EE4-AF0D-9C60C52719E6}"
EndProject
Project("{9A19103F-16F7-4668-BE54-9A1E7A4F7556}") = "R5T.Piraeus.StringBuilder", "..\..\R5T.Piraeus.StringBuilder\source\R5T.Piraeus.StringBuilder\R5T.Piraeus.StringBuilder.csproj", "{61CD70E6-64EE-4E24-8AB3-39DB5EDEE8B2}"
EndProject
Project("{9A19103F-16F7-4668-BE54-9A1E7A4F7556}") = "R5T.Sardinia", "..\..\R5T.Sardinia\source\R5T.Sardinia\R5T.Sardinia.csproj", "{24B0B64E-B68B-49B8-A398-1F9D4D518668}"
EndProject
Project("{9A19103F-16F7-4668-BE54-9A1E7A4F7556}") = "R5T.Chamavia", "..\..\R5T.Chamavia\source\R5T.Chamavia\R5T.Chamavia.csproj", "{E91A54F0-F593-4991-8083-17F8BBE70AE9}"
EndProject
Project("{9A19103F-16F7-4668-BE54-9A1E7A4F7556}") = "R5T.Dacia", "..\..\R5T.Dacia\source\R5T.Dacia\R5T.Dacia.csproj", "{19A92CF6-404B-40C6-AEDB-CC2C801BEDBA}"
EndProject
Project("{9A19103F-16F7-4668-BE54-9A1E7A4F7556}") = "R5T.Opatia", "..\..\R5T.Opatia\source\R5T.Opatia\R5T.Opatia.csproj", "{6ED935BD-DAC9-41A2-AC47-BBE542508D1C}"
EndProject
Project("{9A19103F-16F7-4668-BE54-9A1E7A4F7556}") = "R5T.Suebia.Extensions", "..\..\R5T.Suebia.Extensions\source\R5T.Suebia.Extensions\R5T.Suebia.Extensions.csproj", "{E1C534DD-E3F4-4E2D-A229-5C9B99A3056B}"
EndProject
Project("{9A19103F-16F7-4668-BE54-9A1E7A4F7556}") = "R5T.Suebia.Base", "..\..\R5T.Suebia.Base\source\R5T.Suebia.Base\R5T.Suebia.Base.csproj", "{67E54556-5E79-4994-AF66-DD22401095CE}"
EndProject
Global
	GlobalSection(SolutionConfigurationPlatforms) = preSolution
		Debug|Any CPU = Debug|Any CPU
		Debug|x64 = Debug|x64
		Debug|x86 = Debug|x86
		Release|Any CPU = Release|Any CPU
		Release|x64 = Release|x64
		Release|x86 = Release|x86
	EndGlobalSection
	GlobalSection(ProjectConfigurationPlatforms) = postSolution
		{26C300F5-E251-4CAD-BB2A-81CE493AE524}.Debug|Any CPU.ActiveCfg = Debug|Any CPU
		{26C300F5-E251-4CAD-BB2A-81CE493AE524}.Debug|Any CPU.Build.0 = Debug|Any CPU
		{26C300F5-E251-4CAD-BB2A-81CE493AE524}.Debug|x64.ActiveCfg = Debug|Any CPU
		{26C300F5-E251-4CAD-BB2A-81CE493AE524}.Debug|x64.Build.0 = Debug|Any CPU
		{26C300F5-E251-4CAD-BB2A-81CE493AE524}.Debug|x86.ActiveCfg = Debug|Any CPU
		{26C300F5-E251-4CAD-BB2A-81CE493AE524}.Debug|x86.Build.0 = Debug|Any CPU
		{26C300F5-E251-4CAD-BB2A-81CE493AE524}.Release|Any CPU.ActiveCfg = Release|Any CPU
		{26C300F5-E251-4CAD-BB2A-81CE493AE524}.Release|Any CPU.Build.0 = Release|Any CPU
		{26C300F5-E251-4CAD-BB2A-81CE493AE524}.Release|x64.ActiveCfg = Release|Any CPU
		{26C300F5-E251-4CAD-BB2A-81CE493AE524}.Release|x64.Build.0 = Release|Any CPU
		{26C300F5-E251-4CAD-BB2A-81CE493AE524}.Release|x86.ActiveCfg = Release|Any CPU
		{26C300F5-E251-4CAD-BB2A-81CE493AE524}.Release|x86.Build.0 = Release|Any CPU
		{C0A53CD8-5A1D-4B22-B5B1-BEAB77FD8F6B}.Debug|Any CPU.ActiveCfg = Debug|Any CPU
		{C0A53CD8-5A1D-4B22-B5B1-BEAB77FD8F6B}.Debug|Any CPU.Build.0 = Debug|Any CPU
		{C0A53CD8-5A1D-4B22-B5B1-BEAB77FD8F6B}.Debug|x64.ActiveCfg = Debug|Any CPU
		{C0A53CD8-5A1D-4B22-B5B1-BEAB77FD8F6B}.Debug|x64.Build.0 = Debug|Any CPU
		{C0A53CD8-5A1D-4B22-B5B1-BEAB77FD8F6B}.Debug|x86.ActiveCfg = Debug|Any CPU
		{C0A53CD8-5A1D-4B22-B5B1-BEAB77FD8F6B}.Debug|x86.Build.0 = Debug|Any CPU
		{C0A53CD8-5A1D-4B22-B5B1-BEAB77FD8F6B}.Release|Any CPU.ActiveCfg = Release|Any CPU
		{C0A53CD8-5A1D-4B22-B5B1-BEAB77FD8F6B}.Release|Any CPU.Build.0 = Release|Any CPU
		{C0A53CD8-5A1D-4B22-B5B1-BEAB77FD8F6B}.Release|x64.ActiveCfg = Release|Any CPU
		{C0A53CD8-5A1D-4B22-B5B1-BEAB77FD8F6B}.Release|x64.Build.0 = Release|Any CPU
		{C0A53CD8-5A1D-4B22-B5B1-BEAB77FD8F6B}.Release|x86.ActiveCfg = Release|Any CPU
		{C0A53CD8-5A1D-4B22-B5B1-BEAB77FD8F6B}.Release|x86.Build.0 = Release|Any CPU
		{AD46CCDB-45EE-4E83-874F-45C052807F03}.Debug|Any CPU.ActiveCfg = Debug|Any CPU
		{AD46CCDB-45EE-4E83-874F-45C052807F03}.Debug|Any CPU.Build.0 = Debug|Any CPU
		{AD46CCDB-45EE-4E83-874F-45C052807F03}.Debug|x64.ActiveCfg = Debug|Any CPU
		{AD46CCDB-45EE-4E83-874F-45C052807F03}.Debug|x64.Build.0 = Debug|Any CPU
		{AD46CCDB-45EE-4E83-874F-45C052807F03}.Debug|x86.ActiveCfg = Debug|Any CPU
		{AD46CCDB-45EE-4E83-874F-45C052807F03}.Debug|x86.Build.0 = Debug|Any CPU
		{AD46CCDB-45EE-4E83-874F-45C052807F03}.Release|Any CPU.ActiveCfg = Release|Any CPU
		{AD46CCDB-45EE-4E83-874F-45C052807F03}.Release|Any CPU.Build.0 = Release|Any CPU
		{AD46CCDB-45EE-4E83-874F-45C052807F03}.Release|x64.ActiveCfg = Release|Any CPU
		{AD46CCDB-45EE-4E83-874F-45C052807F03}.Release|x64.Build.0 = Release|Any CPU
		{AD46CCDB-45EE-4E83-874F-45C052807F03}.Release|x86.ActiveCfg = Release|Any CPU
		{AD46CCDB-45EE-4E83-874F-45C052807F03}.Release|x86.Build.0 = Release|Any CPU
		{32029C13-43B3-4B99-A22C-AA510A674093}.Debug|Any CPU.ActiveCfg = Debug|Any CPU
		{32029C13-43B3-4B99-A22C-AA510A674093}.Debug|Any CPU.Build.0 = Debug|Any CPU
		{32029C13-43B3-4B99-A22C-AA510A674093}.Debug|x64.ActiveCfg = Debug|Any CPU
		{32029C13-43B3-4B99-A22C-AA510A674093}.Debug|x64.Build.0 = Debug|Any CPU
		{32029C13-43B3-4B99-A22C-AA510A674093}.Debug|x86.ActiveCfg = Debug|Any CPU
		{32029C13-43B3-4B99-A22C-AA510A674093}.Debug|x86.Build.0 = Debug|Any CPU
		{32029C13-43B3-4B99-A22C-AA510A674093}.Release|Any CPU.ActiveCfg = Release|Any CPU
		{32029C13-43B3-4B99-A22C-AA510A674093}.Release|Any CPU.Build.0 = Release|Any CPU
		{32029C13-43B3-4B99-A22C-AA510A674093}.Release|x64.ActiveCfg = Release|Any CPU
		{32029C13-43B3-4B99-A22C-AA510A674093}.Release|x64.Build.0 = Release|Any CPU
		{32029C13-43B3-4B99-A22C-AA510A674093}.Release|x86.ActiveCfg = Release|Any CPU
		{32029C13-43B3-4B99-A22C-AA510A674093}.Release|x86.Build.0 = Release|Any CPU
		{D444124A-E906-4607-B87F-2AD06B44D3ED}.Debug|Any CPU.ActiveCfg = Debug|Any CPU
		{D444124A-E906-4607-B87F-2AD06B44D3ED}.Debug|Any CPU.Build.0 = Debug|Any CPU
		{D444124A-E906-4607-B87F-2AD06B44D3ED}.Debug|x64.ActiveCfg = Debug|Any CPU
		{D444124A-E906-4607-B87F-2AD06B44D3ED}.Debug|x64.Build.0 = Debug|Any CPU
		{D444124A-E906-4607-B87F-2AD06B44D3ED}.Debug|x86.ActiveCfg = Debug|Any CPU
		{D444124A-E906-4607-B87F-2AD06B44D3ED}.Debug|x86.Build.0 = Debug|Any CPU
		{D444124A-E906-4607-B87F-2AD06B44D3ED}.Release|Any CPU.ActiveCfg = Release|Any CPU
		{D444124A-E906-4607-B87F-2AD06B44D3ED}.Release|Any CPU.Build.0 = Release|Any CPU
		{D444124A-E906-4607-B87F-2AD06B44D3ED}.Release|x64.ActiveCfg = Release|Any CPU
		{D444124A-E906-4607-B87F-2AD06B44D3ED}.Release|x64.Build.0 = Release|Any CPU
		{D444124A-E906-4607-B87F-2AD06B44D3ED}.Release|x86.ActiveCfg = Release|Any CPU
		{D444124A-E906-4607-B87F-2AD06B44D3ED}.Release|x86.Build.0 = Release|Any CPU
		{AB320819-43A1-45A1-8FB5-5598F7FB134F}.Debug|Any CPU.ActiveCfg = Debug|Any CPU
		{AB320819-43A1-45A1-8FB5-5598F7FB134F}.Debug|Any CPU.Build.0 = Debug|Any CPU
		{AB320819-43A1-45A1-8FB5-5598F7FB134F}.Debug|x64.ActiveCfg = Debug|Any CPU
		{AB320819-43A1-45A1-8FB5-5598F7FB134F}.Debug|x64.Build.0 = Debug|Any CPU
		{AB320819-43A1-45A1-8FB5-5598F7FB134F}.Debug|x86.ActiveCfg = Debug|Any CPU
		{AB320819-43A1-45A1-8FB5-5598F7FB134F}.Debug|x86.Build.0 = Debug|Any CPU
		{AB320819-43A1-45A1-8FB5-5598F7FB134F}.Release|Any CPU.ActiveCfg = Release|Any CPU
		{AB320819-43A1-45A1-8FB5-5598F7FB134F}.Release|Any CPU.Build.0 = Release|Any CPU
		{AB320819-43A1-45A1-8FB5-5598F7FB134F}.Release|x64.ActiveCfg = Release|Any CPU
		{AB320819-43A1-45A1-8FB5-5598F7FB134F}.Release|x64.Build.0 = Release|Any CPU
		{AB320819-43A1-45A1-8FB5-5598F7FB134F}.Release|x86.ActiveCfg = Release|Any CPU
		{AB320819-43A1-45A1-8FB5-5598F7FB134F}.Release|x86.Build.0 = Release|Any CPU
		{4378902A-8E8C-4762-BA73-2EB284E8F61B}.Debug|Any CPU.ActiveCfg = Debug|Any CPU
		{4378902A-8E8C-4762-BA73-2EB284E8F61B}.Debug|Any CPU.Build.0 = Debug|Any CPU
		{4378902A-8E8C-4762-BA73-2EB284E8F61B}.Debug|x64.ActiveCfg = Debug|Any CPU
		{4378902A-8E8C-4762-BA73-2EB284E8F61B}.Debug|x64.Build.0 = Debug|Any CPU
		{4378902A-8E8C-4762-BA73-2EB284E8F61B}.Debug|x86.ActiveCfg = Debug|Any CPU
		{4378902A-8E8C-4762-BA73-2EB284E8F61B}.Debug|x86.Build.0 = Debug|Any CPU
		{4378902A-8E8C-4762-BA73-2EB284E8F61B}.Release|Any CPU.ActiveCfg = Release|Any CPU
		{4378902A-8E8C-4762-BA73-2EB284E8F61B}.Release|Any CPU.Build.0 = Release|Any CPU
		{4378902A-8E8C-4762-BA73-2EB284E8F61B}.Release|x64.ActiveCfg = Release|Any CPU
		{4378902A-8E8C-4762-BA73-2EB284E8F61B}.Release|x64.Build.0 = Release|Any CPU
		{4378902A-8E8C-4762-BA73-2EB284E8F61B}.Release|x86.ActiveCfg = Release|Any CPU
		{4378902A-8E8C-4762-BA73-2EB284E8F61B}.Release|x86.Build.0 = Release|Any CPU
		{8C0BFFFA-C25A-4E1C-8AED-1EC8139288AB}.Debug|Any CPU.ActiveCfg = Debug|Any CPU
		{8C0BFFFA-C25A-4E1C-8AED-1EC8139288AB}.Debug|Any CPU.Build.0 = Debug|Any CPU
		{8C0BFFFA-C25A-4E1C-8AED-1EC8139288AB}.Debug|x64.ActiveCfg = Debug|Any CPU
		{8C0BFFFA-C25A-4E1C-8AED-1EC8139288AB}.Debug|x64.Build.0 = Debug|Any CPU
		{8C0BFFFA-C25A-4E1C-8AED-1EC8139288AB}.Debug|x86.ActiveCfg = Debug|Any CPU
		{8C0BFFFA-C25A-4E1C-8AED-1EC8139288AB}.Debug|x86.Build.0 = Debug|Any CPU
		{8C0BFFFA-C25A-4E1C-8AED-1EC8139288AB}.Release|Any CPU.ActiveCfg = Release|Any CPU
		{8C0BFFFA-C25A-4E1C-8AED-1EC8139288AB}.Release|Any CPU.Build.0 = Release|Any CPU
		{8C0BFFFA-C25A-4E1C-8AED-1EC8139288AB}.Release|x64.ActiveCfg = Release|Any CPU
		{8C0BFFFA-C25A-4E1C-8AED-1EC8139288AB}.Release|x64.Build.0 = Release|Any CPU
		{8C0BFFFA-C25A-4E1C-8AED-1EC8139288AB}.Release|x86.ActiveCfg = Release|Any CPU
		{8C0BFFFA-C25A-4E1C-8AED-1EC8139288AB}.Release|x86.Build.0 = Release|Any CPU
		{1F3BD38C-C2EC-497A-9756-68D81BE21DF5}.Debug|Any CPU.ActiveCfg = Debug|Any CPU
		{1F3BD38C-C2EC-497A-9756-68D81BE21DF5}.Debug|Any CPU.Build.0 = Debug|Any CPU
		{1F3BD38C-C2EC-497A-9756-68D81BE21DF5}.Debug|x64.ActiveCfg = Debug|Any CPU
		{1F3BD38C-C2EC-497A-9756-68D81BE21DF5}.Debug|x64.Build.0 = Debug|Any CPU
		{1F3BD38C-C2EC-497A-9756-68D81BE21DF5}.Debug|x86.ActiveCfg = Debug|Any CPU
		{1F3BD38C-C2EC-497A-9756-68D81BE21DF5}.Debug|x86.Build.0 = Debug|Any CPU
		{1F3BD38C-C2EC-497A-9756-68D81BE21DF5}.Release|Any CPU.ActiveCfg = Release|Any CPU
		{1F3BD38C-C2EC-497A-9756-68D81BE21DF5}.Release|Any CPU.Build.0 = Release|Any CPU
		{1F3BD38C-C2EC-497A-9756-68D81BE21DF5}.Release|x64.ActiveCfg = Release|Any CPU
		{1F3BD38C-C2EC-497A-9756-68D81BE21DF5}.Release|x64.Build.0 = Release|Any CPU
		{1F3BD38C-C2EC-497A-9756-68D81BE21DF5}.Release|x86.ActiveCfg = Release|Any CPU
		{1F3BD38C-C2EC-497A-9756-68D81BE21DF5}.Release|x86.Build.0 = Release|Any CPU
		{183D0E15-035C-41C4-8EB2-2073018FF7CB}.Debug|Any CPU.ActiveCfg = Debug|Any CPU
		{183D0E15-035C-41C4-8EB2-2073018FF7CB}.Debug|Any CPU.Build.0 = Debug|Any CPU
		{183D0E15-035C-41C4-8EB2-2073018FF7CB}.Debug|x64.ActiveCfg = Debug|Any CPU
		{183D0E15-035C-41C4-8EB2-2073018FF7CB}.Debug|x64.Build.0 = Debug|Any CPU
		{183D0E15-035C-41C4-8EB2-2073018FF7CB}.Debug|x86.ActiveCfg = Debug|Any CPU
		{183D0E15-035C-41C4-8EB2-2073018FF7CB}.Debug|x86.Build.0 = Debug|Any CPU
		{183D0E15-035C-41C4-8EB2-2073018FF7CB}.Release|Any CPU.ActiveCfg = Release|Any CPU
		{183D0E15-035C-41C4-8EB2-2073018FF7CB}.Release|Any CPU.Build.0 = Release|Any CPU
		{183D0E15-035C-41C4-8EB2-2073018FF7CB}.Release|x64.ActiveCfg = Release|Any CPU
		{183D0E15-035C-41C4-8EB2-2073018FF7CB}.Release|x64.Build.0 = Release|Any CPU
		{183D0E15-035C-41C4-8EB2-2073018FF7CB}.Release|x86.ActiveCfg = Release|Any CPU
		{183D0E15-035C-41C4-8EB2-2073018FF7CB}.Release|x86.Build.0 = Release|Any CPU
		{462E6547-76EF-470F-91A0-B9A575570799}.Debug|Any CPU.ActiveCfg = Debug|Any CPU
		{462E6547-76EF-470F-91A0-B9A575570799}.Debug|Any CPU.Build.0 = Debug|Any CPU
		{462E6547-76EF-470F-91A0-B9A575570799}.Debug|x64.ActiveCfg = Debug|Any CPU
		{462E6547-76EF-470F-91A0-B9A575570799}.Debug|x64.Build.0 = Debug|Any CPU
		{462E6547-76EF-470F-91A0-B9A575570799}.Debug|x86.ActiveCfg = Debug|Any CPU
		{462E6547-76EF-470F-91A0-B9A575570799}.Debug|x86.Build.0 = Debug|Any CPU
		{462E6547-76EF-470F-91A0-B9A575570799}.Release|Any CPU.ActiveCfg = Release|Any CPU
		{462E6547-76EF-470F-91A0-B9A575570799}.Release|Any CPU.Build.0 = Release|Any CPU
		{462E6547-76EF-470F-91A0-B9A575570799}.Release|x64.ActiveCfg = Release|Any CPU
		{462E6547-76EF-470F-91A0-B9A575570799}.Release|x64.Build.0 = Release|Any CPU
		{462E6547-76EF-470F-91A0-B9A575570799}.Release|x86.ActiveCfg = Release|Any CPU
		{462E6547-76EF-470F-91A0-B9A575570799}.Release|x86.Build.0 = Release|Any CPU
		{45080232-FC0B-4FCD-9CD4-FBC3DD0E8A38}.Debug|Any CPU.ActiveCfg = Debug|Any CPU
		{45080232-FC0B-4FCD-9CD4-FBC3DD0E8A38}.Debug|Any CPU.Build.0 = Debug|Any CPU
		{45080232-FC0B-4FCD-9CD4-FBC3DD0E8A38}.Debug|x64.ActiveCfg = Debug|Any CPU
		{45080232-FC0B-4FCD-9CD4-FBC3DD0E8A38}.Debug|x64.Build.0 = Debug|Any CPU
		{45080232-FC0B-4FCD-9CD4-FBC3DD0E8A38}.Debug|x86.ActiveCfg = Debug|Any CPU
		{45080232-FC0B-4FCD-9CD4-FBC3DD0E8A38}.Debug|x86.Build.0 = Debug|Any CPU
		{45080232-FC0B-4FCD-9CD4-FBC3DD0E8A38}.Release|Any CPU.ActiveCfg = Release|Any CPU
		{45080232-FC0B-4FCD-9CD4-FBC3DD0E8A38}.Release|Any CPU.Build.0 = Release|Any CPU
		{45080232-FC0B-4FCD-9CD4-FBC3DD0E8A38}.Release|x64.ActiveCfg = Release|Any CPU
		{45080232-FC0B-4FCD-9CD4-FBC3DD0E8A38}.Release|x64.Build.0 = Release|Any CPU
		{45080232-FC0B-4FCD-9CD4-FBC3DD0E8A38}.Release|x86.ActiveCfg = Release|Any CPU
		{45080232-FC0B-4FCD-9CD4-FBC3DD0E8A38}.Release|x86.Build.0 = Release|Any CPU
		{B17461C3-66AE-4E97-8360-4C992F87BC6F}.Debug|Any CPU.ActiveCfg = Debug|Any CPU
		{B17461C3-66AE-4E97-8360-4C992F87BC6F}.Debug|Any CPU.Build.0 = Debug|Any CPU
		{B17461C3-66AE-4E97-8360-4C992F87BC6F}.Debug|x64.ActiveCfg = Debug|Any CPU
		{B17461C3-66AE-4E97-8360-4C992F87BC6F}.Debug|x64.Build.0 = Debug|Any CPU
		{B17461C3-66AE-4E97-8360-4C992F87BC6F}.Debug|x86.ActiveCfg = Debug|Any CPU
		{B17461C3-66AE-4E97-8360-4C992F87BC6F}.Debug|x86.Build.0 = Debug|Any CPU
		{B17461C3-66AE-4E97-8360-4C992F87BC6F}.Release|Any CPU.ActiveCfg = Release|Any CPU
		{B17461C3-66AE-4E97-8360-4C992F87BC6F}.Release|Any CPU.Build.0 = Release|Any CPU
		{B17461C3-66AE-4E97-8360-4C992F87BC6F}.Release|x64.ActiveCfg = Release|Any CPU
		{B17461C3-66AE-4E97-8360-4C992F87BC6F}.Release|x64.Build.0 = Release|Any CPU
		{B17461C3-66AE-4E97-8360-4C992F87BC6F}.Release|x86.ActiveCfg = Release|Any CPU
		{B17461C3-66AE-4E97-8360-4C992F87BC6F}.Release|x86.Build.0 = Release|Any CPU
		{1316836A-579C-49CE-A6A9-2E32F8F7F858}.Debug|Any CPU.ActiveCfg = Debug|Any CPU
		{1316836A-579C-49CE-A6A9-2E32F8F7F858}.Debug|Any CPU.Build.0 = Debug|Any CPU
		{1316836A-579C-49CE-A6A9-2E32F8F7F858}.Debug|x64.ActiveCfg = Debug|Any CPU
		{1316836A-579C-49CE-A6A9-2E32F8F7F858}.Debug|x64.Build.0 = Debug|Any CPU
		{1316836A-579C-49CE-A6A9-2E32F8F7F858}.Debug|x86.ActiveCfg = Debug|Any CPU
		{1316836A-579C-49CE-A6A9-2E32F8F7F858}.Debug|x86.Build.0 = Debug|Any CPU
		{1316836A-579C-49CE-A6A9-2E32F8F7F858}.Release|Any CPU.ActiveCfg = Release|Any CPU
		{1316836A-579C-49CE-A6A9-2E32F8F7F858}.Release|Any CPU.Build.0 = Release|Any CPU
		{1316836A-579C-49CE-A6A9-2E32F8F7F858}.Release|x64.ActiveCfg = Release|Any CPU
		{1316836A-579C-49CE-A6A9-2E32F8F7F858}.Release|x64.Build.0 = Release|Any CPU
		{1316836A-579C-49CE-A6A9-2E32F8F7F858}.Release|x86.ActiveCfg = Release|Any CPU
		{1316836A-579C-49CE-A6A9-2E32F8F7F858}.Release|x86.Build.0 = Release|Any CPU
		{CBCA925A-3342-426E-BBA9-6B20840E9A84}.Debug|Any CPU.ActiveCfg = Debug|Any CPU
		{CBCA925A-3342-426E-BBA9-6B20840E9A84}.Debug|Any CPU.Build.0 = Debug|Any CPU
		{CBCA925A-3342-426E-BBA9-6B20840E9A84}.Debug|x64.ActiveCfg = Debug|Any CPU
		{CBCA925A-3342-426E-BBA9-6B20840E9A84}.Debug|x64.Build.0 = Debug|Any CPU
		{CBCA925A-3342-426E-BBA9-6B20840E9A84}.Debug|x86.ActiveCfg = Debug|Any CPU
		{CBCA925A-3342-426E-BBA9-6B20840E9A84}.Debug|x86.Build.0 = Debug|Any CPU
		{CBCA925A-3342-426E-BBA9-6B20840E9A84}.Release|Any CPU.ActiveCfg = Release|Any CPU
		{CBCA925A-3342-426E-BBA9-6B20840E9A84}.Release|Any CPU.Build.0 = Release|Any CPU
		{CBCA925A-3342-426E-BBA9-6B20840E9A84}.Release|x64.ActiveCfg = Release|Any CPU
		{CBCA925A-3342-426E-BBA9-6B20840E9A84}.Release|x64.Build.0 = Release|Any CPU
		{CBCA925A-3342-426E-BBA9-6B20840E9A84}.Release|x86.ActiveCfg = Release|Any CPU
		{CBCA925A-3342-426E-BBA9-6B20840E9A84}.Release|x86.Build.0 = Release|Any CPU
		{EC9BCB5D-CED6-4F52-9322-2C836616DCD4}.Debug|Any CPU.ActiveCfg = Debug|Any CPU
		{EC9BCB5D-CED6-4F52-9322-2C836616DCD4}.Debug|Any CPU.Build.0 = Debug|Any CPU
		{EC9BCB5D-CED6-4F52-9322-2C836616DCD4}.Debug|x64.ActiveCfg = Debug|Any CPU
		{EC9BCB5D-CED6-4F52-9322-2C836616DCD4}.Debug|x64.Build.0 = Debug|Any CPU
		{EC9BCB5D-CED6-4F52-9322-2C836616DCD4}.Debug|x86.ActiveCfg = Debug|Any CPU
		{EC9BCB5D-CED6-4F52-9322-2C836616DCD4}.Debug|x86.Build.0 = Debug|Any CPU
		{EC9BCB5D-CED6-4F52-9322-2C836616DCD4}.Release|Any CPU.ActiveCfg = Release|Any CPU
		{EC9BCB5D-CED6-4F52-9322-2C836616DCD4}.Release|Any CPU.Build.0 = Release|Any CPU
		{EC9BCB5D-CED6-4F52-9322-2C836616DCD4}.Release|x64.ActiveCfg = Release|Any CPU
		{EC9BCB5D-CED6-4F52-9322-2C836616DCD4}.Release|x64.Build.0 = Release|Any CPU
		{EC9BCB5D-CED6-4F52-9322-2C836616DCD4}.Release|x86.ActiveCfg = Release|Any CPU
		{EC9BCB5D-CED6-4F52-9322-2C836616DCD4}.Release|x86.Build.0 = Release|Any CPU
		{2CFD9F76-E5E4-4EE4-AF0D-9C60C52719E6}.Debug|Any CPU.ActiveCfg = Debug|Any CPU
		{2CFD9F76-E5E4-4EE4-AF0D-9C60C52719E6}.Debug|Any CPU.Build.0 = Debug|Any CPU
		{2CFD9F76-E5E4-4EE4-AF0D-9C60C52719E6}.Debug|x64.ActiveCfg = Debug|Any CPU
		{2CFD9F76-E5E4-4EE4-AF0D-9C60C52719E6}.Debug|x64.Build.0 = Debug|Any CPU
		{2CFD9F76-E5E4-4EE4-AF0D-9C60C52719E6}.Debug|x86.ActiveCfg = Debug|Any CPU
		{2CFD9F76-E5E4-4EE4-AF0D-9C60C52719E6}.Debug|x86.Build.0 = Debug|Any CPU
		{2CFD9F76-E5E4-4EE4-AF0D-9C60C52719E6}.Release|Any CPU.ActiveCfg = Release|Any CPU
		{2CFD9F76-E5E4-4EE4-AF0D-9C60C52719E6}.Release|Any CPU.Build.0 = Release|Any CPU
		{2CFD9F76-E5E4-4EE4-AF0D-9C60C52719E6}.Release|x64.ActiveCfg = Release|Any CPU
		{2CFD9F76-E5E4-4EE4-AF0D-9C60C52719E6}.Release|x64.Build.0 = Release|Any CPU
		{2CFD9F76-E5E4-4EE4-AF0D-9C60C52719E6}.Release|x86.ActiveCfg = Release|Any CPU
		{2CFD9F76-E5E4-4EE4-AF0D-9C60C52719E6}.Release|x86.Build.0 = Release|Any CPU
		{61CD70E6-64EE-4E24-8AB3-39DB5EDEE8B2}.Debug|Any CPU.ActiveCfg = Debug|Any CPU
		{61CD70E6-64EE-4E24-8AB3-39DB5EDEE8B2}.Debug|Any CPU.Build.0 = Debug|Any CPU
		{61CD70E6-64EE-4E24-8AB3-39DB5EDEE8B2}.Debug|x64.ActiveCfg = Debug|Any CPU
		{61CD70E6-64EE-4E24-8AB3-39DB5EDEE8B2}.Debug|x64.Build.0 = Debug|Any CPU
		{61CD70E6-64EE-4E24-8AB3-39DB5EDEE8B2}.Debug|x86.ActiveCfg = Debug|Any CPU
		{61CD70E6-64EE-4E24-8AB3-39DB5EDEE8B2}.Debug|x86.Build.0 = Debug|Any CPU
		{61CD70E6-64EE-4E24-8AB3-39DB5EDEE8B2}.Release|Any CPU.ActiveCfg = Release|Any CPU
		{61CD70E6-64EE-4E24-8AB3-39DB5EDEE8B2}.Release|Any CPU.Build.0 = Release|Any CPU
		{61CD70E6-64EE-4E24-8AB3-39DB5EDEE8B2}.Release|x64.ActiveCfg = Release|Any CPU
		{61CD70E6-64EE-4E24-8AB3-39DB5EDEE8B2}.Release|x64.Build.0 = Release|Any CPU
		{61CD70E6-64EE-4E24-8AB3-39DB5EDEE8B2}.Release|x86.ActiveCfg = Release|Any CPU
		{61CD70E6-64EE-4E24-8AB3-39DB5EDEE8B2}.Release|x86.Build.0 = Release|Any CPU
		{24B0B64E-B68B-49B8-A398-1F9D4D518668}.Debug|Any CPU.ActiveCfg = Debug|Any CPU
		{24B0B64E-B68B-49B8-A398-1F9D4D518668}.Debug|Any CPU.Build.0 = Debug|Any CPU
		{24B0B64E-B68B-49B8-A398-1F9D4D518668}.Debug|x64.ActiveCfg = Debug|Any CPU
		{24B0B64E-B68B-49B8-A398-1F9D4D518668}.Debug|x64.Build.0 = Debug|Any CPU
		{24B0B64E-B68B-49B8-A398-1F9D4D518668}.Debug|x86.ActiveCfg = Debug|Any CPU
		{24B0B64E-B68B-49B8-A398-1F9D4D518668}.Debug|x86.Build.0 = Debug|Any CPU
		{24B0B64E-B68B-49B8-A398-1F9D4D518668}.Release|Any CPU.ActiveCfg = Release|Any CPU
		{24B0B64E-B68B-49B8-A398-1F9D4D518668}.Release|Any CPU.Build.0 = Release|Any CPU
		{24B0B64E-B68B-49B8-A398-1F9D4D518668}.Release|x64.ActiveCfg = Release|Any CPU
		{24B0B64E-B68B-49B8-A398-1F9D4D518668}.Release|x64.Build.0 = Release|Any CPU
		{24B0B64E-B68B-49B8-A398-1F9D4D518668}.Release|x86.ActiveCfg = Release|Any CPU
		{24B0B64E-B68B-49B8-A398-1F9D4D518668}.Release|x86.Build.0 = Release|Any CPU
		{E91A54F0-F593-4991-8083-17F8BBE70AE9}.Debug|Any CPU.ActiveCfg = Debug|Any CPU
		{E91A54F0-F593-4991-8083-17F8BBE70AE9}.Debug|Any CPU.Build.0 = Debug|Any CPU
		{E91A54F0-F593-4991-8083-17F8BBE70AE9}.Debug|x64.ActiveCfg = Debug|Any CPU
		{E91A54F0-F593-4991-8083-17F8BBE70AE9}.Debug|x64.Build.0 = Debug|Any CPU
		{E91A54F0-F593-4991-8083-17F8BBE70AE9}.Debug|x86.ActiveCfg = Debug|Any CPU
		{E91A54F0-F593-4991-8083-17F8BBE70AE9}.Debug|x86.Build.0 = Debug|Any CPU
		{E91A54F0-F593-4991-8083-17F8BBE70AE9}.Release|Any CPU.ActiveCfg = Release|Any CPU
		{E91A54F0-F593-4991-8083-17F8BBE70AE9}.Release|Any CPU.Build.0 = Release|Any CPU
		{E91A54F0-F593-4991-8083-17F8BBE70AE9}.Release|x64.ActiveCfg = Release|Any CPU
		{E91A54F0-F593-4991-8083-17F8BBE70AE9}.Release|x64.Build.0 = Release|Any CPU
		{E91A54F0-F593-4991-8083-17F8BBE70AE9}.Release|x86.ActiveCfg = Release|Any CPU
		{E91A54F0-F593-4991-8083-17F8BBE70AE9}.Release|x86.Build.0 = Release|Any CPU
		{19A92CF6-404B-40C6-AEDB-CC2C801BEDBA}.Debug|Any CPU.ActiveCfg = Debug|Any CPU
		{19A92CF6-404B-40C6-AEDB-CC2C801BEDBA}.Debug|Any CPU.Build.0 = Debug|Any CPU
		{19A92CF6-404B-40C6-AEDB-CC2C801BEDBA}.Debug|x64.ActiveCfg = Debug|Any CPU
		{19A92CF6-404B-40C6-AEDB-CC2C801BEDBA}.Debug|x64.Build.0 = Debug|Any CPU
		{19A92CF6-404B-40C6-AEDB-CC2C801BEDBA}.Debug|x86.ActiveCfg = Debug|Any CPU
		{19A92CF6-404B-40C6-AEDB-CC2C801BEDBA}.Debug|x86.Build.0 = Debug|Any CPU
		{19A92CF6-404B-40C6-AEDB-CC2C801BEDBA}.Release|Any CPU.ActiveCfg = Release|Any CPU
		{19A92CF6-404B-40C6-AEDB-CC2C801BEDBA}.Release|Any CPU.Build.0 = Release|Any CPU
		{19A92CF6-404B-40C6-AEDB-CC2C801BEDBA}.Release|x64.ActiveCfg = Release|Any CPU
		{19A92CF6-404B-40C6-AEDB-CC2C801BEDBA}.Release|x64.Build.0 = Release|Any CPU
		{19A92CF6-404B-40C6-AEDB-CC2C801BEDBA}.Release|x86.ActiveCfg = Release|Any CPU
		{19A92CF6-404B-40C6-AEDB-CC2C801BEDBA}.Release|x86.Build.0 = Release|Any CPU
		{6ED935BD-DAC9-41A2-AC47-BBE542508D1C}.Debug|Any CPU.ActiveCfg = Debug|Any CPU
		{6ED935BD-DAC9-41A2-AC47-BBE542508D1C}.Debug|Any CPU.Build.0 = Debug|Any CPU
		{6ED935BD-DAC9-41A2-AC47-BBE542508D1C}.Debug|x64.ActiveCfg = Debug|Any CPU
		{6ED935BD-DAC9-41A2-AC47-BBE542508D1C}.Debug|x64.Build.0 = Debug|Any CPU
		{6ED935BD-DAC9-41A2-AC47-BBE542508D1C}.Debug|x86.ActiveCfg = Debug|Any CPU
		{6ED935BD-DAC9-41A2-AC47-BBE542508D1C}.Debug|x86.Build.0 = Debug|Any CPU
		{6ED935BD-DAC9-41A2-AC47-BBE542508D1C}.Release|Any CPU.ActiveCfg = Release|Any CPU
		{6ED935BD-DAC9-41A2-AC47-BBE542508D1C}.Release|Any CPU.Build.0 = Release|Any CPU
		{6ED935BD-DAC9-41A2-AC47-BBE542508D1C}.Release|x64.ActiveCfg = Release|Any CPU
		{6ED935BD-DAC9-41A2-AC47-BBE542508D1C}.Release|x64.Build.0 = Release|Any CPU
		{6ED935BD-DAC9-41A2-AC47-BBE542508D1C}.Release|x86.ActiveCfg = Release|Any CPU
		{6ED935BD-DAC9-41A2-AC47-BBE542508D1C}.Release|x86.Build.0 = Release|Any CPU
		{E1C534DD-E3F4-4E2D-A229-5C9B99A3056B}.Debug|Any CPU.ActiveCfg = Debug|Any CPU
		{E1C534DD-E3F4-4E2D-A229-5C9B99A3056B}.Debug|Any CPU.Build.0 = Debug|Any CPU
		{E1C534DD-E3F4-4E2D-A229-5C9B99A3056B}.Debug|x64.ActiveCfg = Debug|Any CPU
		{E1C534DD-E3F4-4E2D-A229-5C9B99A3056B}.Debug|x64.Build.0 = Debug|Any CPU
		{E1C534DD-E3F4-4E2D-A229-5C9B99A3056B}.Debug|x86.ActiveCfg = Debug|Any CPU
		{E1C534DD-E3F4-4E2D-A229-5C9B99A3056B}.Debug|x86.Build.0 = Debug|Any CPU
		{E1C534DD-E3F4-4E2D-A229-5C9B99A3056B}.Release|Any CPU.ActiveCfg = Release|Any CPU
		{E1C534DD-E3F4-4E2D-A229-5C9B99A3056B}.Release|Any CPU.Build.0 = Release|Any CPU
		{E1C534DD-E3F4-4E2D-A229-5C9B99A3056B}.Release|x64.ActiveCfg = Release|Any CPU
		{E1C534DD-E3F4-4E2D-A229-5C9B99A3056B}.Release|x64.Build.0 = Release|Any CPU
		{E1C534DD-E3F4-4E2D-A229-5C9B99A3056B}.Release|x86.ActiveCfg = Release|Any CPU
		{E1C534DD-E3F4-4E2D-A229-5C9B99A3056B}.Release|x86.Build.0 = Release|Any CPU
		{67E54556-5E79-4994-AF66-DD22401095CE}.Debug|Any CPU.ActiveCfg = Debug|Any CPU
		{67E54556-5E79-4994-AF66-DD22401095CE}.Debug|Any CPU.Build.0 = Debug|Any CPU
		{67E54556-5E79-4994-AF66-DD22401095CE}.Debug|x64.ActiveCfg = Debug|Any CPU
		{67E54556-5E79-4994-AF66-DD22401095CE}.Debug|x64.Build.0 = Debug|Any CPU
		{67E54556-5E79-4994-AF66-DD22401095CE}.Debug|x86.ActiveCfg = Debug|Any CPU
		{67E54556-5E79-4994-AF66-DD22401095CE}.Debug|x86.Build.0 = Debug|Any CPU
		{67E54556-5E79-4994-AF66-DD22401095CE}.Release|Any CPU.ActiveCfg = Release|Any CPU
		{67E54556-5E79-4994-AF66-DD22401095CE}.Release|Any CPU.Build.0 = Release|Any CPU
		{67E54556-5E79-4994-AF66-DD22401095CE}.Release|x64.ActiveCfg = Release|Any CPU
		{67E54556-5E79-4994-AF66-DD22401095CE}.Release|x64.Build.0 = Release|Any CPU
		{67E54556-5E79-4994-AF66-DD22401095CE}.Release|x86.ActiveCfg = Release|Any CPU
		{67E54556-5E79-4994-AF66-DD22401095CE}.Release|x86.Build.0 = Release|Any CPU
	EndGlobalSection
	GlobalSection(SolutionProperties) = preSolution
		HideSolutionNode = FALSE
	EndGlobalSection
	GlobalSection(NestedProjects) = preSolution
		{32029C13-43B3-4B99-A22C-AA510A674093} = {246C6C99-6B06-4608-89D3-739D2888D7A7}
		{D444124A-E906-4607-B87F-2AD06B44D3ED} = {246C6C99-6B06-4608-89D3-739D2888D7A7}
		{AB320819-43A1-45A1-8FB5-5598F7FB134F} = {246C6C99-6B06-4608-89D3-739D2888D7A7}
		{4378902A-8E8C-4762-BA73-2EB284E8F61B} = {246C6C99-6B06-4608-89D3-739D2888D7A7}
		{8C0BFFFA-C25A-4E1C-8AED-1EC8139288AB} = {246C6C99-6B06-4608-89D3-739D2888D7A7}
		{1F3BD38C-C2EC-497A-9756-68D81BE21DF5} = {246C6C99-6B06-4608-89D3-739D2888D7A7}
		{183D0E15-035C-41C4-8EB2-2073018FF7CB} = {246C6C99-6B06-4608-89D3-739D2888D7A7}
		{462E6547-76EF-470F-91A0-B9A575570799} = {246C6C99-6B06-4608-89D3-739D2888D7A7}
		{45080232-FC0B-4FCD-9CD4-FBC3DD0E8A38} = {246C6C99-6B06-4608-89D3-739D2888D7A7}
		{B17461C3-66AE-4E97-8360-4C992F87BC6F} = {246C6C99-6B06-4608-89D3-739D2888D7A7}
		{1316836A-579C-49CE-A6A9-2E32F8F7F858} = {246C6C99-6B06-4608-89D3-739D2888D7A7}
		{CBCA925A-3342-426E-BBA9-6B20840E9A84} = {246C6C99-6B06-4608-89D3-739D2888D7A7}
		{EC9BCB5D-CED6-4F52-9322-2C836616DCD4} = {246C6C99-6B06-4608-89D3-739D2888D7A7}
		{2CFD9F76-E5E4-4EE4-AF0D-9C60C52719E6} = {246C6C99-6B06-4608-89D3-739D2888D7A7}
		{61CD70E6-64EE-4E24-8AB3-39DB5EDEE8B2} = {246C6C99-6B06-4608-89D3-739D2888D7A7}
		{24B0B64E-B68B-49B8-A398-1F9D4D518668} = {246C6C99-6B06-4608-89D3-739D2888D7A7}
		{E91A54F0-F593-4991-8083-17F8BBE70AE9} = {246C6C99-6B06-4608-89D3-739D2888D7A7}
		{19A92CF6-404B-40C6-AEDB-CC2C801BEDBA} = {246C6C99-6B06-4608-89D3-739D2888D7A7}
		{6ED935BD-DAC9-41A2-AC47-BBE542508D1C} = {246C6C99-6B06-4608-89D3-739D2888D7A7}
		{E1C534DD-E3F4-4E2D-A229-5C9B99A3056B} = {246C6C99-6B06-4608-89D3-739D2888D7A7}
		{67E54556-5E79-4994-AF66-DD22401095CE} = {246C6C99-6B06-4608-89D3-739D2888D7A7}
	EndGlobalSection
	GlobalSection(ExtensibilityGlobals) = postSolution
		SolutionGuid = {A10F259F-8C03-4E11-8E63-A3AC012722FD}
	EndGlobalSection
EndGlobal
